
Microsoft Visual Studio Solution File, Format Version 12.00
# Visual Studio Version 17
VisualStudioVersion = 17.0.31903.59
MinimumVisualStudioVersion = 10.0.40219.1
Project("{FAE04EC0-301F-11D3-BF4B-00C04F79EFBC}") = "USSR", "USSR.csproj", "{1B85F0FC-8030-4909-8530-9DA42D965EFF}"
EndProject
Global
	GlobalSection(SolutionConfigurationPlatforms) = preSolution
		Debug|Any CPU = Debug|Any CPU
		Release|Any CPU = Release|Any CPU
	EndGlobalSection
	GlobalSection(SolutionProperties) = preSolution
		HideSolutionNode = FALSE
	EndGlobalSection
	GlobalSection(ProjectConfigurationPlatforms) = postSolution
		{1B85F0FC-8030-4909-8530-9DA42D965EFF}.Debug|Any CPU.ActiveCfg = Debug|Any CPU
		{1B85F0FC-8030-4909-8530-9DA42D965EFF}.Debug|Any CPU.Build.0 = Debug|Any CPU
		{1B85F0FC-8030-4909-8530-9DA42D965EFF}.Release|Any CPU.ActiveCfg = Release|Any CPU
		{1B85F0FC-8030-4909-8530-9DA42D965EFF}.Release|Any CPU.Build.0 = Release|Any CPU
	EndGlobalSection
EndGlobal
